
Microsoft Visual Studio Solution File, Format Version 12.00
# Visual Studio Version 17
VisualStudioVersion = 17.12.35521.163 d17.12
MinimumVisualStudioVersion = 10.0.40219.1
Project("{FAE04EC0-301F-11D3-BF4B-00C04F79EFBC}") = "ICI_2025-26_BSCS_3-1_2ndSem_Prelim", "ICI_2025-26_BSCS_3-1_2ndSem_Prelim\ICI_2025-26_BSCS_3-1_2ndSem_Prelim.csproj", "{26518E12-8705-44FC-AEAD-44EAA479CA17}"
EndProject
Global
	GlobalSection(SolutionConfigurationPlatforms) = preSolution
		Debug|Any CPU = Debug|Any CPU
		Release|Any CPU = Release|Any CPU
	EndGlobalSection
	GlobalSection(ProjectConfigurationPlatforms) = postSolution
		{26518E12-8705-44FC-AEAD-44EAA479CA17}.Debug|Any CPU.ActiveCfg = Debug|Any CPU
		{26518E12-8705-44FC-AEAD-44EAA479CA17}.Debug|Any CPU.Build.0 = Debug|Any CPU
		{26518E12-8705-44FC-AEAD-44EAA479CA17}.Release|Any CPU.ActiveCfg = Release|Any CPU
		{26518E12-8705-44FC-AEAD-44EAA479CA17}.Release|Any CPU.Build.0 = Release|Any CPU
	EndGlobalSection
	GlobalSection(SolutionProperties) = preSolution
		HideSolutionNode = FALSE
	EndGlobalSection
EndGlobal
